# This file was autogenerated by Stack.
# You should not edit this file by hand.
# For more information, please see the documentation at:
#   https://docs.haskellstack.org/en/stable/lock_files

packages:
- completed:
    hackage: hlint-2.0.15@sha256:2ff1d25f65ae64033103da487eb4bd7f4e95667f4f88ed4b0fd514dcc34d9cc5,3349
    pantry-tree:
      size: 3797
      sha256: e224e378b0f796c1db5e6424f12a9853334acc0df19c0cac07a95459dde49826
  original:
    hackage: hlint-2.0.15
- completed:
    hackage: extra-1.6.5@sha256:e97770705d4304aa6597af4bfaff8d730db25d2e7a9252ba6fc0ea4229233aae,2606
    pantry-tree:
      size: 1759
      sha256: df420c3712cfcfea56cde0da1ef14f0878010024d34b1cdad12c6cb758657310
  original:
    hackage: extra-1.6.5
- completed:
    hackage: jose-0.6.0.3@sha256:4d11d253e43b6924eb837f36245f8ef0c784877cfc3a4d780cd1c2721368e465,3173
    pantry-tree:
      size: 1876
      sha256: 96a27ee64f980bd3faf62ba90ffd0d612164f35b7df380504ae761e74d586ab0
  original:
    hackage: jose-0.6.0.3
- completed:
    hackage: cookie-0.4.3@sha256:ab1e74e8fc7d96f8d67ed9f490e330cafe4fa42b3f7821213934023b075008a9,1685
    pantry-tree:
      size: 359
      sha256: 04da4404d154f876e9448aee2dcc63cc7dfd125033da1457cdd9af1a9272436f
  original:
    hackage: cookie-0.4.3
- completed:
    hackage: servant-auth-0.3.1.0@sha256:d4c130f62329aa98a463b9f14932dee8510f503dea96c2d1cc55b62cb8c9b4df,1705
    pantry-tree:
      size: 216
      sha256: 43a5b43c94615d65c6b5493e9a46f3206ea86454f2d03ff78a7f241ae6a4ea03
  original:
    hackage: servant-auth-0.3.1.0
- completed:
    hackage: servant-auth-client-0.3.2.0@sha256:5b75b3c0fa52443c1f548f08bb2677551c92d655ba6ff01bb3d62fbe3c04ff4f,3063
    pantry-tree:
      size: 427
      sha256: 87a0b3d32ad0e6a24e3de7cc37d3c85624e9118fe9c88cd74ded33578cd0133d
  original:
    hackage: servant-auth-client-0.3.2.0
- completed:
    hackage: servant-auth-docs-0.2.9.0@sha256:830601c9bbe1524e0b99060cc80c323080c2371b3185e218b9de041c850c1acc,2874
    pantry-tree:
      size: 334
      sha256: 8aea07e4afc9c5ffe5db60e7ea25e50c3259e6d639dedca40565262f8688c906
  original:
    hackage: servant-auth-docs-0.2.9.0
- completed:
    hackage: servant-auth-server-0.3.2.0@sha256:66bbbc3dfbf51289c4af9e1b64eed8a4082ae32ca0e9b964567cc1a2636ab0c6,4827
    pantry-tree:
      size: 1334
      sha256: 5f152b82ddb2f43fe2c22e93827df1be6992a6e99b82a68f5e7c9f535d1b8027
  original:
    hackage: servant-auth-server-0.3.2.0
- completed:
    hackage: servant-flatten-0.2@sha256:276896f7c5cdec5b8f8493f6205fded0cc602d050b58fdb09a6d7c85c3bb0837,1234
    pantry-tree:
      size: 325
      sha256: 04f12c7bef2c3f9a25d94eb9489752ed498db8e243069fe95838dbb51df1dcb3
  original:
    hackage: servant-flatten-0.2
- completed:
    hackage: servant-options-0.1.0.0@sha256:39f50166a68006250e79370372f553ca476f14d06d93fa0c401050253aeba803,914
    pantry-tree:
      size: 293
      sha256: 7812baf1b27c62068ba634207fbd7077b886424d666b36739a78c6d4008a1fd4
  original:
    hackage: servant-options-0.1.0.0
- completed:
    size: 3570
    url: https://github.com/NorfairKing/yesod-static-remote/archive/22c0a92c1d62f1b8d432003844ef0636a9131b08.tar.gz
    name: yesod-static-remote
    version: 0.0.0.0
    sha256: c965419e480551685dff83e75ceadc156b550d2e3274198bf033a752ab635870
    pantry-tree:
      size: 443
      sha256: 55bd433a4c11019454d888f75eda7867931f7eea14e28fbbb7d363ec310adcc7
  original:
    url: https://github.com/NorfairKing/yesod-static-remote/archive/22c0a92c1d62f1b8d432003844ef0636a9131b08.tar.gz
- completed:
    size: 16443
    subdir: mergeless
    url: https://github.com/NorfairKing/mergeless/archive/3d5f4b54cc2c4c8c6f33a716bc6b67f376b8d1d5.tar.gz
    name: mergeless
    version: 0.1.0.0
    sha256: 38ca5a46593ce702148206574e0e67ad75223c9855cc85245a3982264349c8a3
    pantry-tree:
      size: 402
      sha256: 41c76e839900460f51b4a9469664bb62ddeee13811fa88853fb30a117bbbe076
  original:
    subdir: mergeless
    url: https://github.com/NorfairKing/mergeless/archive/3d5f4b54cc2c4c8c6f33a716bc6b67f376b8d1d5.tar.gz
- completed:
    size: 16443
    subdir: genvalidity-mergeless
    url: https://github.com/NorfairKing/mergeless/archive/3d5f4b54cc2c4c8c6f33a716bc6b67f376b8d1d5.tar.gz
    name: genvalidity-mergeless
    version: 0.0.0.0
    sha256: 38ca5a46593ce702148206574e0e67ad75223c9855cc85245a3982264349c8a3
    pantry-tree:
      size: 695
      sha256: 9755bc2efd1a496211b5f8328ceba844d0c8196b2f9dfbc167619122046adb8d
  original:
    subdir: genvalidity-mergeless
    url: https://github.com/NorfairKing/mergeless/archive/3d5f4b54cc2c4c8c6f33a716bc6b67f376b8d1d5.tar.gz
- completed:
    size: 94479
    subdir: validity
    url: https://github.com/NorfairKing/validity/archive/a0fcd782138dac7200e6544c2f40208649ecb0e9.tar.gz
    name: validity
    version: 0.9.0.2
    sha256: 1518276206ceda6da5165ed8d986437e0d75a769e263b9688e47a3792e5e4a10
    pantry-tree:
      size: 450
      sha256: 10de560dee0383f73cf1104850cfb00cd5739e2913e09aa292d118a9f3c8b7b9
  original:
    subdir: validity
    url: https://github.com/NorfairKing/validity/archive/a0fcd782138dac7200e6544c2f40208649ecb0e9.tar.gz
- completed:
    size: 94479
    subdir: validity-bytestring
    url: https://github.com/NorfairKing/validity/archive/a0fcd782138dac7200e6544c2f40208649ecb0e9.tar.gz
    name: validity-bytestring
    version: 0.4.1.0
    sha256: 1518276206ceda6da5165ed8d986437e0d75a769e263b9688e47a3792e5e4a10
    pantry-tree:
      size: 273
      sha256: 1b9767751ce37a271398a6470729baf653b47e84e7d929113c381333fded39ff
  original:
    subdir: validity-bytestring
    url: https://github.com/NorfairKing/validity/archive/a0fcd782138dac7200e6544c2f40208649ecb0e9.tar.gz
- completed:
    size: 94479
    subdir: validity-containers
    url: https://github.com/NorfairKing/validity/archive/a0fcd782138dac7200e6544c2f40208649ecb0e9.tar.gz
    name: validity-containers
    version: 0.5.0.0
    sha256: 1518276206ceda6da5165ed8d986437e0d75a769e263b9688e47a3792e5e4a10
    pantry-tree:
      size: 534
      sha256: 21c80f92bd55f152598713eb47fa82aba1dcac98e30c5f830d26f5f2851e4f37
  original:
    subdir: validity-containers
    url: https://github.com/NorfairKing/validity/archive/a0fcd782138dac7200e6544c2f40208649ecb0e9.tar.gz
- completed:
    size: 94479
    subdir: validity-path
    url: https://github.com/NorfairKing/validity/archive/a0fcd782138dac7200e6544c2f40208649ecb0e9.tar.gz
    name: validity-path
    version: 0.4.0.0
    sha256: 1518276206ceda6da5165ed8d986437e0d75a769e263b9688e47a3792e5e4a10
    pantry-tree:
      size: 389
      sha256: 6db6e6d7fb62ae9a3b91478f6c03cbdda0505717a759ed1aa40e9ec9b9bb8564
  original:
    subdir: validity-path
    url: https://github.com/NorfairKing/validity/archive/a0fcd782138dac7200e6544c2f40208649ecb0e9.tar.gz
- completed:
    size: 94479
    subdir: validity-text
    url: https://github.com/NorfairKing/validity/archive/a0fcd782138dac7200e6544c2f40208649ecb0e9.tar.gz
    name: validity-text
    version: 0.3.1.0
    sha256: 1518276206ceda6da5165ed8d986437e0d75a769e263b9688e47a3792e5e4a10
    pantry-tree:
      size: 267
      sha256: d518cda143cbce68ca12fd0b316c63c9c1af7b927f7410d876d6989133a4e173
  original:
    subdir: validity-text
    url: https://github.com/NorfairKing/validity/archive/a0fcd782138dac7200e6544c2f40208649ecb0e9.tar.gz
- completed:
    size: 94479
    subdir: validity-time
    url: https://github.com/NorfairKing/validity/archive/a0fcd782138dac7200e6544c2f40208649ecb0e9.tar.gz
    name: validity-time
    version: 0.2.0.2
    sha256: 1518276206ceda6da5165ed8d986437e0d75a769e263b9688e47a3792e5e4a10
    pantry-tree:
      size: 508
      sha256: 922ee1d731b2b32b33c664899013fb9f4f1a9d6c9ecf139e210a489abde7b315
  original:
    subdir: validity-time
    url: https://github.com/NorfairKing/validity/archive/a0fcd782138dac7200e6544c2f40208649ecb0e9.tar.gz
- completed:
    size: 94479
    subdir: validity-uuid
    url: https://github.com/NorfairKing/validity/archive/a0fcd782138dac7200e6544c2f40208649ecb0e9.tar.gz
    name: validity-uuid
    version: 0.1.0.2
    sha256: 1518276206ceda6da5165ed8d986437e0d75a769e263b9688e47a3792e5e4a10
    pantry-tree:
      size: 214
      sha256: dfb2c88e3e57bcbc7965f6b76fd07bc2b2e23a773405373cc64668e45bd6dc93
  original:
    subdir: validity-uuid
    url: https://github.com/NorfairKing/validity/archive/a0fcd782138dac7200e6544c2f40208649ecb0e9.tar.gz
- completed:
    size: 94479
    subdir: genvalidity
    url: https://github.com/NorfairKing/validity/archive/a0fcd782138dac7200e6544c2f40208649ecb0e9.tar.gz
    name: genvalidity
    version: 0.9.1.0
    sha256: 1518276206ceda6da5165ed8d986437e0d75a769e263b9688e47a3792e5e4a10
    pantry-tree:
      size: 755
      sha256: 158420f6f2f034c6ef6732edce2eab8af759b467f8ed51f359fcbf61011fe59a
  original:
    subdir: genvalidity
    url: https://github.com/NorfairKing/validity/archive/a0fcd782138dac7200e6544c2f40208649ecb0e9.tar.gz
- completed:
    size: 94479
    subdir: genvalidity-bytestring
    url: https://github.com/NorfairKing/validity/archive/a0fcd782138dac7200e6544c2f40208649ecb0e9.tar.gz
    name: genvalidity-bytestring
    version: 0.5.0.0
    sha256: 1518276206ceda6da5165ed8d986437e0d75a769e263b9688e47a3792e5e4a10
    pantry-tree:
      size: 408
      sha256: cde0d6e8e873b58c6c12e7f7c865dc5a301e33927ed6b72b437d79110e323c2b
  original:
    subdir: genvalidity-bytestring
    url: https://github.com/NorfairKing/validity/archive/a0fcd782138dac7200e6544c2f40208649ecb0e9.tar.gz
- completed:
    size: 94479
    subdir: genvalidity-containers
    url: https://github.com/NorfairKing/validity/archive/a0fcd782138dac7200e6544c2f40208649ecb0e9.tar.gz
    name: genvalidity-containers
    version: 0.8.0.1
    sha256: 1518276206ceda6da5165ed8d986437e0d75a769e263b9688e47a3792e5e4a10
    pantry-tree:
      size: 978
      sha256: ebeaa521d69bf35e1b0c7dd7e5071160ed454145ce69c104f32bc03438055422
  original:
    subdir: genvalidity-containers
    url: https://github.com/NorfairKing/validity/archive/a0fcd782138dac7200e6544c2f40208649ecb0e9.tar.gz
- completed:
    size: 94479
    subdir: genvalidity-hspec
    url: https://github.com/NorfairKing/validity/archive/a0fcd782138dac7200e6544c2f40208649ecb0e9.tar.gz
    name: genvalidity-hspec
    version: 0.7.0.2
    sha256: 1518276206ceda6da5165ed8d986437e0d75a769e263b9688e47a3792e5e4a10
    pantry-tree:
      size: 2183
      sha256: ea3c206f82d54f9846e6716ab6f4dc3f38a57a4d701eff7b83b0b99ea3f0d41c
  original:
    subdir: genvalidity-hspec
    url: https://github.com/NorfairKing/validity/archive/a0fcd782138dac7200e6544c2f40208649ecb0e9.tar.gz
- completed:
    size: 94479
    subdir: genvalidity-hspec-aeson
    url: https://github.com/NorfairKing/validity/archive/a0fcd782138dac7200e6544c2f40208649ecb0e9.tar.gz
    name: genvalidity-hspec-aeson
    version: 0.3.1.0
    sha256: 1518276206ceda6da5165ed8d986437e0d75a769e263b9688e47a3792e5e4a10
    pantry-tree:
      size: 498
      sha256: 7bd96fba6c2983763052322b1fd6eee9351092b1faa7a9a0b8c2ca9e30c81112
  original:
    subdir: genvalidity-hspec-aeson
    url: https://github.com/NorfairKing/validity/archive/a0fcd782138dac7200e6544c2f40208649ecb0e9.tar.gz
- completed:
    size: 94479
    subdir: genvalidity-path
    url: https://github.com/NorfairKing/validity/archive/a0fcd782138dac7200e6544c2f40208649ecb0e9.tar.gz
    name: genvalidity-path
    version: 0.3.0.2
    sha256: 1518276206ceda6da5165ed8d986437e0d75a769e263b9688e47a3792e5e4a10
    pantry-tree:
      size: 396
      sha256: 4a404c4269b7ed9bc0ff55b485142b80a89af43eaf8f17966243451cf6e890b2
  original:
    subdir: genvalidity-path
    url: https://github.com/NorfairKing/validity/archive/a0fcd782138dac7200e6544c2f40208649ecb0e9.tar.gz
- completed:
    size: 94479
    subdir: genvalidity-property
    url: https://github.com/NorfairKing/validity/archive/a0fcd782138dac7200e6544c2f40208649ecb0e9.tar.gz
    name: genvalidity-property
    version: 0.5.0.1
    sha256: 1518276206ceda6da5165ed8d986437e0d75a769e263b9688e47a3792e5e4a10
    pantry-tree:
      size: 1923
      sha256: 2c7b7ea840e53a4d81a1aff1bb6553b5e951998db5e244ed329b2594ae2193a9
  original:
    subdir: genvalidity-property
    url: https://github.com/NorfairKing/validity/archive/a0fcd782138dac7200e6544c2f40208649ecb0e9.tar.gz
- completed:
    size: 94479
    subdir: genvalidity-text
    url: https://github.com/NorfairKing/validity/archive/a0fcd782138dac7200e6544c2f40208649ecb0e9.tar.gz
    name: genvalidity-text
    version: 0.7.0.1
    sha256: 1518276206ceda6da5165ed8d986437e0d75a769e263b9688e47a3792e5e4a10
    pantry-tree:
      size: 449
      sha256: c5ead3d9a9db47981ce2d1f0e631eac187391f6af493613142b80fefc85888d8
  original:
    subdir: genvalidity-text
    url: https://github.com/NorfairKing/validity/archive/a0fcd782138dac7200e6544c2f40208649ecb0e9.tar.gz
- completed:
    size: 94479
    subdir: genvalidity-time
    url: https://github.com/NorfairKing/validity/archive/a0fcd782138dac7200e6544c2f40208649ecb0e9.tar.gz
    name: genvalidity-time
    version: 0.2.1.1
    sha256: 1518276206ceda6da5165ed8d986437e0d75a769e263b9688e47a3792e5e4a10
    pantry-tree:
      size: 647
      sha256: 45d7af2712647fec971b3b7c81d27571331fd0250bfa15fab1692189c32767dc
  original:
    subdir: genvalidity-time
    url: https://github.com/NorfairKing/validity/archive/a0fcd782138dac7200e6544c2f40208649ecb0e9.tar.gz
- completed:
    size: 94479
    subdir: genvalidity-uuid
    url: https://github.com/NorfairKing/validity/archive/a0fcd782138dac7200e6544c2f40208649ecb0e9.tar.gz
    name: genvalidity-uuid
    version: 0.1.0.2
    sha256: 1518276206ceda6da5165ed8d986437e0d75a769e263b9688e47a3792e5e4a10
    pantry-tree:
      size: 341
      sha256: 3fe8bc6b82967d22c43855b064d81b430b6291c5e2954c9c23146c6a40a9a8c1
  original:
    subdir: genvalidity-uuid
    url: https://github.com/NorfairKing/validity/archive/a0fcd782138dac7200e6544c2f40208649ecb0e9.tar.gz
- completed:
    size: 3819
    subdir: typed-uuid
    url: https://github.com/NorfairKing/typed-uuid/archive/4c5739c5e231b1cee6bd568ec55734116691ac8f.tar.gz
    name: typed-uuid
    version: 0.0.0.0
    sha256: fe9f12e089a6189edef955be634186b8ec730567da62eb51b8c3689298daafff
    pantry-tree:
      size: 310
      sha256: 74138a901da7747bdfda232ea76b3a4cd8f686ffc71ea3c4dd08b6ec53a89239
  original:
    subdir: typed-uuid
    url: https://github.com/NorfairKing/typed-uuid/archive/4c5739c5e231b1cee6bd568ec55734116691ac8f.tar.gz
- completed:
    size: 3819
    subdir: genvalidity-typed-uuid
    url: https://github.com/NorfairKing/typed-uuid/archive/4c5739c5e231b1cee6bd568ec55734116691ac8f.tar.gz
    name: genvalidity-typed-uuid
    version: 0.0.0.0
    sha256: fe9f12e089a6189edef955be634186b8ec730567da62eb51b8c3689298daafff
    pantry-tree:
      size: 440
      sha256: 5753175b3524df7d963896e44d2dfd2d77ff0eb8535978d4c492b6ddf08af81e
  original:
    subdir: genvalidity-typed-uuid
    url: https://github.com/NorfairKing/typed-uuid/archive/4c5739c5e231b1cee6bd568ec55734116691ac8f.tar.gz
- completed:
    size: 10819
    url: https://github.com/NorfairKing/pretty-relative-time/archive/2abdb2ba83ad47b8369e2ef618c7c21b82d80b23.tar.gz
    name: pretty-relative-time
    version: 0.1.0.0
    sha256: 2057e489675e751bdec2e91373d78738167093f851c1fe970edc616a1ea97dfb
    pantry-tree:
      size: 1331
      sha256: 70663ba71b6709568854e840badab2b9d4baca87b019e3fbd254ff0bc2d6cd0f
  original:
    url: https://github.com/NorfairKing/pretty-relative-time/archive/2abdb2ba83ad47b8369e2ef618c7c21b82d80b23.tar.gz
- completed:
    size: 5899
    url: https://github.com/NorfairKing/looper/archive/929a8ad6a99a84624767bd9d619cc5318c6bda56.tar.gz
    name: looper
    version: 0.0.0.2
    sha256: ac508bb39629fb414c43027c51e70ec5d96f57bfc4e3e98af80e0ecb0de089c0
    pantry-tree:
      size: 670
      sha256: 7526e3334146d7e85002e4e875b824e22871aa6e1815e5ae9a957aa709802beb
  original:
    url: https://github.com/NorfairKing/looper/archive/929a8ad6a99a84624767bd9d619cc5318c6bda56.tar.gz
snapshots:
- completed:
    size: 507596
    url: https://raw.githubusercontent.com/commercialhaskell/stackage-snapshots/master/lts/11/9.yaml
    sha256: 42f472dbf06482da1b3319241f3e3b3593a45bd7d4f537d2789f21386b9b2ad3
  original: lts-11.9
