# This file was autogenerated by Stack.
# You should not edit this file by hand.
# For more information, please see the documentation at:
#   https://docs.haskellstack.org/en/stable/lock_files

packages:
- completed:
    hackage: hlint-2.0.15@sha256:2ff1d25f65ae64033103da487eb4bd7f4e95667f4f88ed4b0fd514dcc34d9cc5,3349
    pantry-tree:
      size: 3797
      sha256: e224e378b0f796c1db5e6424f12a9853334acc0df19c0cac07a95459dde49826
  original:
    hackage: hlint-2.0.15
- completed:
    hackage: extra-1.6.5@sha256:e97770705d4304aa6597af4bfaff8d730db25d2e7a9252ba6fc0ea4229233aae,2606
    pantry-tree:
      size: 1759
      sha256: df420c3712cfcfea56cde0da1ef14f0878010024d34b1cdad12c6cb758657310
  original:
    hackage: extra-1.6.5
- completed:
    hackage: jose-0.6.0.3@sha256:4d11d253e43b6924eb837f36245f8ef0c784877cfc3a4d780cd1c2721368e465,3173
    pantry-tree:
      size: 1876
      sha256: 96a27ee64f980bd3faf62ba90ffd0d612164f35b7df380504ae761e74d586ab0
  original:
    hackage: jose-0.6.0.3
- completed:
    hackage: cookie-0.4.3@sha256:ab1e74e8fc7d96f8d67ed9f490e330cafe4fa42b3f7821213934023b075008a9,1685
    pantry-tree:
      size: 359
      sha256: 04da4404d154f876e9448aee2dcc63cc7dfd125033da1457cdd9af1a9272436f
  original:
    hackage: cookie-0.4.3
- completed:
    hackage: servant-auth-0.3.1.0@sha256:d4c130f62329aa98a463b9f14932dee8510f503dea96c2d1cc55b62cb8c9b4df,1705
    pantry-tree:
      size: 216
      sha256: 43a5b43c94615d65c6b5493e9a46f3206ea86454f2d03ff78a7f241ae6a4ea03
  original:
    hackage: servant-auth-0.3.1.0
- completed:
    hackage: servant-auth-client-0.3.2.0@sha256:5b75b3c0fa52443c1f548f08bb2677551c92d655ba6ff01bb3d62fbe3c04ff4f,3063
    pantry-tree:
      size: 427
      sha256: 87a0b3d32ad0e6a24e3de7cc37d3c85624e9118fe9c88cd74ded33578cd0133d
  original:
    hackage: servant-auth-client-0.3.2.0
- completed:
    hackage: servant-auth-docs-0.2.9.0@sha256:830601c9bbe1524e0b99060cc80c323080c2371b3185e218b9de041c850c1acc,2874
    pantry-tree:
      size: 334
      sha256: 8aea07e4afc9c5ffe5db60e7ea25e50c3259e6d639dedca40565262f8688c906
  original:
    hackage: servant-auth-docs-0.2.9.0
- completed:
    hackage: servant-auth-server-0.3.2.0@sha256:66bbbc3dfbf51289c4af9e1b64eed8a4082ae32ca0e9b964567cc1a2636ab0c6,4827
    pantry-tree:
      size: 1334
      sha256: 5f152b82ddb2f43fe2c22e93827df1be6992a6e99b82a68f5e7c9f535d1b8027
  original:
    hackage: servant-auth-server-0.3.2.0
- completed:
    hackage: servant-flatten-0.2@sha256:276896f7c5cdec5b8f8493f6205fded0cc602d050b58fdb09a6d7c85c3bb0837,1234
    pantry-tree:
      size: 325
      sha256: 04f12c7bef2c3f9a25d94eb9489752ed498db8e243069fe95838dbb51df1dcb3
  original:
    hackage: servant-flatten-0.2
- completed:
    hackage: servant-options-0.1.0.0@sha256:39f50166a68006250e79370372f553ca476f14d06d93fa0c401050253aeba803,914
    pantry-tree:
      size: 293
      sha256: 7812baf1b27c62068ba634207fbd7077b886424d666b36739a78c6d4008a1fd4
  original:
    hackage: servant-options-0.1.0.0
- completed:
    subdir: stripe-core
    cabal-file:
      size: 2845
      sha256: beb0542aae550ff56b1ed1621c6629d61c30d003a935b69b72a0a7d43e4ac9a9
    name: stripe-core
    version: 2.5.0
    git: https://github.com/NorfairKing/stripe
    pantry-tree:
      size: 2050
      sha256: 8a4e787807f404382bceb7984c325a3ffae252a512ddb1df96550db4480c9da8
    commit: 06af65a0f444bfd0364f803507781770cbe3fe9b
  original:
    subdir: stripe-core
    git: https://github.com/NorfairKing/stripe
    commit: 06af65a0f444bfd0364f803507781770cbe3fe9b
- completed:
    subdir: stripe-haskell
    cabal-file:
      size: 1130
      sha256: dad31386ea2f5426942f8c1a90e38e3e0a6819b57ddb3ab4f281259a2bf71d2e
    name: stripe-haskell
    version: 2.5.0
    git: https://github.com/NorfairKing/stripe
    pantry-tree:
      size: 577
      sha256: 06072a61ce28a02aed96e215aeca288bc5326c4a43795ee25b3c08dc39a6be1a
    commit: 06af65a0f444bfd0364f803507781770cbe3fe9b
  original:
    subdir: stripe-haskell
    git: https://github.com/NorfairKing/stripe
    commit: 06af65a0f444bfd0364f803507781770cbe3fe9b
- completed:
    subdir: stripe-http-client
    cabal-file:
      size: 1935
      sha256: b6f61766fc0390c4614a3fa7433b7875731eb98b26749b0599cf760f37331230
    name: stripe-http-client
    version: 2.5.0
    git: https://github.com/NorfairKing/stripe
    pantry-tree:
      size: 343
      sha256: e1e2a82f0a9acbc6af54936d06b910ee86d0a3fe4994fa2229f334bc94d7a512
    commit: 06af65a0f444bfd0364f803507781770cbe3fe9b
  original:
    subdir: stripe-http-client
    git: https://github.com/NorfairKing/stripe
    commit: 06af65a0f444bfd0364f803507781770cbe3fe9b
- completed:
    subdir: stripe-http-streams
    cabal-file:
      size: 2027
      sha256: 086533943eb6e0886fac6a73973f143287ca6d9b40997b6128b00cc44fece7fb
    name: stripe-http-streams
    version: 2.5.0
    git: https://github.com/NorfairKing/stripe
    pantry-tree:
      size: 345
      sha256: 78baec8956fde3989e0d7b5e21862e49fdab8d85f86cf6d05d0abbe192ad1e4e
    commit: 06af65a0f444bfd0364f803507781770cbe3fe9b
  original:
    subdir: stripe-http-streams
    git: https://github.com/NorfairKing/stripe
    commit: 06af65a0f444bfd0364f803507781770cbe3fe9b
- completed:
    subdir: mergeless
    cabal-file:
      size: 1109
      sha256: c94a2a6da61f73f9b115364959aa1045184078db288692d5aed698e39b273423
    name: mergeless
    version: 0.1.0.0
    git: https://github.com/NorfairKing/mergeless.git
    pantry-tree:
      size: 263
      sha256: c2f0dc91ff9201edaa8781711abf47090091398511cef3c7b414e72ef851d0d1
    commit: 0198f9393e2ef71f26de6427541387be44fd499b
  original:
    subdir: mergeless
    git: https://github.com/NorfairKing/mergeless.git
    commit: 0198f9393e2ef71f26de6427541387be44fd499b
- completed:
    subdir: genvalidity-mergeless
    cabal-file:
      size: 1688
      sha256: fb6b4f67daf57c8e3f224dcde5689e2fd8eb399fe19634f4e4f85868ea89f05d
    name: genvalidity-mergeless
    version: 0.0.0.0
    git: https://github.com/NorfairKing/mergeless.git
    pantry-tree:
      size: 462
      sha256: b897101e1e110d72a64215d04fb74743bab1441c4d363d043b71aa97b58a11d0
    commit: 0198f9393e2ef71f26de6427541387be44fd499b
  original:
    subdir: genvalidity-mergeless
    git: https://github.com/NorfairKing/mergeless.git
    commit: 0198f9393e2ef71f26de6427541387be44fd499b
- completed:
    subdir: validity
    cabal-file:
      size: 2660
      sha256: b7f81a0aa133aead4d4dcbcf565e796dcb550f4729afee837901d6576d99a2b6
    name: validity
    version: 0.9.0.0
    git: https://github.com/NorfairKing/validity.git
    pantry-tree:
      size: 449
      sha256: 26f7d75e40b1e9c8af499b7b283495a5d5cf16e2d6b1547a2be63e11ced94772
    commit: d128cc30bc886e31ea7f8161fb7708c08b162937
  original:
    subdir: validity
    git: https://github.com/NorfairKing/validity.git
    commit: d128cc30bc886e31ea7f8161fb7708c08b162937
- completed:
    subdir: validity-bytestring
    cabal-file:
      size: 1102
      sha256: 364d3dbdea7ec526b8671ba76abc378e840c6d342fe511a30bdc8f07e630f468
    name: validity-bytestring
    version: 0.4.0.0
    git: https://github.com/NorfairKing/validity.git
    pantry-tree:
      size: 273
      sha256: c6e275e21c1de45e2dddf96e0f485b4baa7ed0c0b04268b0f5a9f80a6e58dd95
    commit: d128cc30bc886e31ea7f8161fb7708c08b162937
  original:
    subdir: validity-bytestring
    git: https://github.com/NorfairKing/validity.git
    commit: d128cc30bc886e31ea7f8161fb7708c08b162937
- completed:
    subdir: validity-containers
    cabal-file:
      size: 1204
      sha256: b2c0c36bc96e195fd1cd00487283caf68ae4a47bc2f505661f612ed203dd3650
    name: validity-containers
    version: 0.3.1.0
    git: https://github.com/NorfairKing/validity.git
    pantry-tree:
      size: 482
      sha256: 5f6aae7483b458c8c98fa986ae3d63c6594979549e55ee2e07b06570ef733d6b
    commit: d128cc30bc886e31ea7f8161fb7708c08b162937
  original:
    subdir: validity-containers
    git: https://github.com/NorfairKing/validity.git
    commit: d128cc30bc886e31ea7f8161fb7708c08b162937
- completed:
    subdir: validity-path
    cabal-file:
      size: 1509
      sha256: 7e459e2efa3fe3e97d0abc15e740f8d66b536a1c85621481bc07b1c59e38686f
    name: validity-path
    version: 0.3.0.2
    git: https://github.com/NorfairKing/validity.git
    pantry-tree:
      size: 337
      sha256: db3b45fdf2270efc9398eaade08b59cf46414be792acee7a1cbb23caeecb07fd
    commit: d128cc30bc886e31ea7f8161fb7708c08b162937
  original:
    subdir: validity-path
    git: https://github.com/NorfairKing/validity.git
    commit: d128cc30bc886e31ea7f8161fb7708c08b162937
- completed:
    subdir: validity-text
    cabal-file:
      size: 1084
      sha256: a8d2ff7aa6cec9daaecf5e6ea3b83ee6bf823418d134132af82fc6087d20d280
    name: validity-text
    version: 0.3.1.0
    git: https://github.com/NorfairKing/validity.git
    pantry-tree:
      size: 267
      sha256: d518cda143cbce68ca12fd0b316c63c9c1af7b927f7410d876d6989133a4e173
    commit: d128cc30bc886e31ea7f8161fb7708c08b162937
  original:
    subdir: validity-text
    git: https://github.com/NorfairKing/validity.git
    commit: d128cc30bc886e31ea7f8161fb7708c08b162937
- completed:
    subdir: validity-time
    cabal-file:
      size: 1204
      sha256: dfe2f8e9be9da6a18b1674932c7a2d34ec18ec6dbfac994ddf4111b640466435
    name: validity-time
    version: 0.2.0.2
    git: https://github.com/NorfairKing/validity.git
    pantry-tree:
      size: 508
      sha256: 922ee1d731b2b32b33c664899013fb9f4f1a9d6c9ecf139e210a489abde7b315
    commit: d128cc30bc886e31ea7f8161fb7708c08b162937
  original:
    subdir: validity-time
    git: https://github.com/NorfairKing/validity.git
    commit: d128cc30bc886e31ea7f8161fb7708c08b162937
- completed:
    subdir: validity-uuid
    cabal-file:
      size: 1067
      sha256: 32ab0f09c555d4cf78c383e3e7b494214c791c88c404809e2bca93845d07fd77
    name: validity-uuid
    version: 0.1.0.2
    git: https://github.com/NorfairKing/validity.git
    pantry-tree:
      size: 214
      sha256: dfb2c88e3e57bcbc7965f6b76fd07bc2b2e23a773405373cc64668e45bd6dc93
    commit: d128cc30bc886e31ea7f8161fb7708c08b162937
  original:
    subdir: validity-uuid
    git: https://github.com/NorfairKing/validity.git
    commit: d128cc30bc886e31ea7f8161fb7708c08b162937
- completed:
    subdir: genvalidity
    cabal-file:
      size: 2863
      sha256: d0bbd356c21b16e7edf12ed83a2e45580ffa5460c0d617b6b3a0fd5ab32a94d0
    name: genvalidity
    version: 0.7.0.0
    git: https://github.com/NorfairKing/validity.git
    pantry-tree:
      size: 685
      sha256: 27e8d07a3e0002969ad46cbe1d5d00ec0f5dd2adcfd38da94d7bc707c6f6a937
    commit: d128cc30bc886e31ea7f8161fb7708c08b162937
  original:
    subdir: genvalidity
    git: https://github.com/NorfairKing/validity.git
    commit: d128cc30bc886e31ea7f8161fb7708c08b162937
- completed:
    subdir: genvalidity-bytestring
    cabal-file:
      size: 1689
      sha256: ef3e81e3a07bbfba04ad867677fc3127a945d34e7dbcd1520f9a11dd9600155e
    name: genvalidity-bytestring
    version: 0.3.0.1
    git: https://github.com/NorfairKing/validity.git
    pantry-tree:
      size: 407
      sha256: d832b04006cbbdd2eea6299600bf516717d54da7f799bfe08df88ce64d6e4b8d
    commit: d128cc30bc886e31ea7f8161fb7708c08b162937
  original:
    subdir: genvalidity-bytestring
    git: https://github.com/NorfairKing/validity.git
    commit: d128cc30bc886e31ea7f8161fb7708c08b162937
- completed:
    subdir: genvalidity-containers
    cabal-file:
      size: 1871
      sha256: a6fe2687d6e464c0ef360a6f7c619d2b5c616fc2e5f154b4041f9fd2d697916e
    name: genvalidity-containers
    version: 0.5.1.1
    git: https://github.com/NorfairKing/validity.git
    pantry-tree:
      size: 924
      sha256: 7a5ef28f5ec8cac75b485b5644e6b9b38d8af68a0a1cd885805036f4c26aef0f
    commit: d128cc30bc886e31ea7f8161fb7708c08b162937
  original:
    subdir: genvalidity-containers
    git: https://github.com/NorfairKing/validity.git
    commit: d128cc30bc886e31ea7f8161fb7708c08b162937
- completed:
    subdir: genvalidity-hspec
    cabal-file:
      size: 3277
      sha256: 5c74c14f8e5b4fa584dd3651de417d1e345da47700915940a22023726c671e6c
    name: genvalidity-hspec
    version: 0.6.2.1
    git: https://github.com/NorfairKing/validity.git
    pantry-tree:
      size: 2183
      sha256: f16b0c12e12c74b47d8b933310026622b185bb75505b39464459dfba03dc3448
    commit: d128cc30bc886e31ea7f8161fb7708c08b162937
  original:
    subdir: genvalidity-hspec
    git: https://github.com/NorfairKing/validity.git
    commit: d128cc30bc886e31ea7f8161fb7708c08b162937
- completed:
    subdir: genvalidity-hspec-aeson
    cabal-file:
      size: 2147
      sha256: 6a254dc87e695618b452a07ee057fdc32f7ec1c6fc07337ce66bf248284911bb
    name: genvalidity-hspec-aeson
    version: 0.3.0.1
    git: https://github.com/NorfairKing/validity.git
    pantry-tree:
      size: 497
      sha256: 5ba92a0300a91fee0e0c04b9a4ab748da4ed8cd072d5de2703270120f962f7b4
    commit: d128cc30bc886e31ea7f8161fb7708c08b162937
  original:
    subdir: genvalidity-hspec-aeson
    git: https://github.com/NorfairKing/validity.git
    commit: d128cc30bc886e31ea7f8161fb7708c08b162937
- completed:
    subdir: genvalidity-path
    cabal-file:
      size: 1923
      sha256: d5f0a9a77c13fd58d74e1b877a7b4cb21965034d83e0c359d46505bf43d931e0
    name: genvalidity-path
    version: 0.3.0.2
    git: https://github.com/NorfairKing/validity.git
    pantry-tree:
      size: 397
      sha256: 54168c76137432167214fc05a8f4c7d7dca6ccd316d56b091cd94c3368bc42ce
    commit: d128cc30bc886e31ea7f8161fb7708c08b162937
  original:
    subdir: genvalidity-path
    git: https://github.com/NorfairKing/validity.git
    commit: d128cc30bc886e31ea7f8161fb7708c08b162937
- completed:
    subdir: genvalidity-property
    cabal-file:
      size: 2312
      sha256: f1dc956f0bbbef0ccacdd1e1cb1b0ccbca3601437244310bdf38421c1a1497f4
    name: genvalidity-property
    version: 0.3.0.0
    git: https://github.com/NorfairKing/validity.git
    pantry-tree:
      size: 1922
      sha256: 0a1db561eaa824ffb76e8f8bcc325588bd03427256218d040a98000f19fefc6c
    commit: d128cc30bc886e31ea7f8161fb7708c08b162937
  original:
    subdir: genvalidity-property
    git: https://github.com/NorfairKing/validity.git
    commit: d128cc30bc886e31ea7f8161fb7708c08b162937
- completed:
    subdir: genvalidity-text
    cabal-file:
      size: 1594
      sha256: 4583f1acf605a14201bc99483cf24cbd00f29e4c8048bc152797058974cb3cad
    name: genvalidity-text
    version: 0.5.1.0
    git: https://github.com/NorfairKing/validity.git
    pantry-tree:
      size: 395
      sha256: 5aa938d9529f688e3cd2624db1a1f157c160050e6521a7631b194910b002a09a
    commit: d128cc30bc886e31ea7f8161fb7708c08b162937
  original:
    subdir: genvalidity-text
    git: https://github.com/NorfairKing/validity.git
    commit: d128cc30bc886e31ea7f8161fb7708c08b162937
- completed:
    subdir: genvalidity-time
    cabal-file:
      size: 1670
      sha256: b6a2982757b6f42119668ce25748466c421f08b376312d4c1ee2fb28ffa9494e
    name: genvalidity-time
    version: 0.2.1.1
    git: https://github.com/NorfairKing/validity.git
    pantry-tree:
      size: 647
      sha256: 45d7af2712647fec971b3b7c81d27571331fd0250bfa15fab1692189c32767dc
    commit: d128cc30bc886e31ea7f8161fb7708c08b162937
  original:
    subdir: genvalidity-time
    git: https://github.com/NorfairKing/validity.git
    commit: d128cc30bc886e31ea7f8161fb7708c08b162937
- completed:
    subdir: genvalidity-uuid
    cabal-file:
      size: 1582
      sha256: bad5c9b377b719334f095abdfc2b8ed0373fbb4f3f8ea3e127f4b6e7c74a8dde
    name: genvalidity-uuid
    version: 0.1.0.2
    git: https://github.com/NorfairKing/validity.git
    pantry-tree:
      size: 341
      sha256: 3fe8bc6b82967d22c43855b064d81b430b6291c5e2954c9c23146c6a40a9a8c1
    commit: d128cc30bc886e31ea7f8161fb7708c08b162937
  original:
    subdir: genvalidity-uuid
    git: https://github.com/NorfairKing/validity.git
    commit: d128cc30bc886e31ea7f8161fb7708c08b162937
- completed:
    subdir: typed-uuid
    cabal-file:
      size: 1291
      sha256: b9de24a5b4c5d6aae1ffe2d61b0effa1aba822a2faa13a1149152899409d1309
    name: typed-uuid
    version: 0.0.0.1
    git: https://github.com/NorfairKing/typed-uuid.git
    pantry-tree:
      size: 308
      sha256: 5f77a1e32448368df62e17a78997b20b678e7fcdf4a97287314c53b8dc01fc91
    commit: 155c9ec880ca1c12f7dd8a8468b3626de8164823
  original:
    subdir: typed-uuid
    git: https://github.com/NorfairKing/typed-uuid.git
    commit: 155c9ec880ca1c12f7dd8a8468b3626de8164823
- completed:
    subdir: genvalidity-typed-uuid
    cabal-file:
      size: 1722
      sha256: 71811bb6b273123f208a6bb58ade0382a11ec4aaec491b7532b3d3146e7c68dd
    name: genvalidity-typed-uuid
    version: 0.0.0.1
    git: https://github.com/NorfairKing/typed-uuid.git
    pantry-tree:
      size: 438
      sha256: 215f6522a33dd4534f654385ff8fd6d7f9427ee0e42bfa1a8d06ca8e22ba089a
    commit: 155c9ec880ca1c12f7dd8a8468b3626de8164823
  original:
    subdir: genvalidity-typed-uuid
    git: https://github.com/NorfairKing/typed-uuid.git
    commit: 155c9ec880ca1c12f7dd8a8468b3626de8164823
- completed:
    cabal-file:
      size: 1777
      sha256: 73f31fa2b1aa463a7192e886111f74690eefe197911503295056e9b5f0d910e3
    name: pretty-relative-time
    version: 0.0.0.0
    git: https://github.com/NorfairKing/pretty-relative-time.git
    pantry-tree:
      size: 1331
      sha256: 709b79823a4d178cce9d2c86d15f769560e3672ad0ea30ae75c9c5035ae67653
    commit: 2f9d597fc754f338e1e33fa182dcd09abf2c1227
  original:
    git: https://github.com/NorfairKing/pretty-relative-time.git
    commit: 2f9d597fc754f338e1e33fa182dcd09abf2c1227
snapshots:
- completed:
    size: 507596
    url: https://raw.githubusercontent.com/commercialhaskell/stackage-snapshots/master/lts/11/9.yaml
    sha256: 42f472dbf06482da1b3319241f3e3b3593a45bd7d4f537d2789f21386b9b2ad3
  original: lts-11.9
